// !$*UTF8*$!
{
	archiveVersion = 1;
	classes = {
	};
	objectVersion = 50;
	objects = {

/* Begin PBXBuildFile section */
		F021C44623263DF300D2EBD3 /* Register.swift in Sources */ = {isa = PBXBuildFile; fileRef = F021C44523263DF300D2EBD3 /* Register.swift */; };
		F0F000BE23224989000E1C43 /* AppDelegate.swift in Sources */ = {isa = PBXBuildFile; fileRef = F0F000BD23224989000E1C43 /* AppDelegate.swift */; };
		F0F000C023224989000E1C43 /* ViewController.swift in Sources */ = {isa = PBXBuildFile; fileRef = F0F000BF23224989000E1C43 /* ViewController.swift */; };
		F0F000C323224989000E1C43 /* Main.storyboard in Resources */ = {isa = PBXBuildFile; fileRef = F0F000C123224989000E1C43 /* Main.storyboard */; };
		F0F000C623224989000E1C43 /* Expance_Managment_App.xcdatamodeld in Sources */ = {isa = PBXBuildFile; fileRef = F0F000C423224989000E1C43 /* Expance_Managment_App.xcdatamodeld */; };
		F0F000C82322498C000E1C43 /* Assets.xcassets in Resources */ = {isa = PBXBuildFile; fileRef = F0F000C72322498C000E1C43 /* Assets.xcassets */; };
		F0F000CB2322498C000E1C43 /* LaunchScreen.storyboard in Resources */ = {isa = PBXBuildFile; fileRef = F0F000C92322498C000E1C43 /* LaunchScreen.storyboard */; };
		F0F000D62322498C000E1C43 /* Expance_Managment_AppTests.swift in Sources */ = {isa = PBXBuildFile; fileRef = F0F000D52322498C000E1C43 /* Expance_Managment_AppTests.swift */; };
		F0F000E12322498C000E1C43 /* Expance_Managment_AppUITests.swift in Sources */ = {isa = PBXBuildFile; fileRef = F0F000E02322498C000E1C43 /* Expance_Managment_AppUITests.swift */; };
		F0F000F0232249DB000E1C43 /* BottomLine.swift in Sources */ = {isa = PBXBuildFile; fileRef = F0F000EF232249DB000E1C43 /* BottomLine.swift */; };
/* End PBXBuildFile section */

/* Begin PBXContainerItemProxy section */
		F0F000D22322498C000E1C43 /* PBXContainerItemProxy */ = {
			isa = PBXContainerItemProxy;
			containerPortal = F0F000B223224988000E1C43 /* Project object */;
			proxyType = 1;
			remoteGlobalIDString = F0F000B923224989000E1C43;
			remoteInfo = "Expance Managment App";
		};
		F0F000DD2322498C000E1C43 /* PBXContainerItemProxy */ = {
			isa = PBXContainerItemProxy;
			containerPortal = F0F000B223224988000E1C43 /* Project object */;
			proxyType = 1;
			remoteGlobalIDString = F0F000B923224989000E1C43;
			remoteInfo = "Expance Managment App";
		};
/* End PBXContainerItemProxy section */

/* Begin PBXFileReference section */
		F021C44523263DF300D2EBD3 /* Register.swift */ = {isa = PBXFileReference; lastKnownFileType = sourcecode.swift; path = Register.swift; sourceTree = "<group>"; };
		F0F000BA23224989000E1C43 /* Expance Managment App.app */ = {isa = PBXFileReference; explicitFileType = wrapper.application; includeInIndex = 0; path = "Expance Managment App.app"; sourceTree = BUILT_PRODUCTS_DIR; };
		F0F000BD23224989000E1C43 /* AppDelegate.swift */ = {isa = PBXFileReference; lastKnownFileType = sourcecode.swift; path = AppDelegate.swift; sourceTree = "<group>"; };
		F0F000BF23224989000E1C43 /* ViewController.swift */ = {isa = PBXFileReference; lastKnownFileType = sourcecode.swift; path = ViewController.swift; sourceTree = "<group>"; };
		F0F000C223224989000E1C43 /* Base */ = {isa = PBXFileReference; lastKnownFileType = file.storyboard; name = Base; path = Base.lproj/Main.storyboard; sourceTree = "<group>"; };
		F0F000C523224989000E1C43 /* Expance_Managment_App.xcdatamodel */ = {isa = PBXFileReference; lastKnownFileType = wrapper.xcdatamodel; path = Expance_Managment_App.xcdatamodel; sourceTree = "<group>"; };
		F0F000C72322498C000E1C43 /* Assets.xcassets */ = {isa = PBXFileReference; lastKnownFileType = folder.assetcatalog; path = Assets.xcassets; sourceTree = "<group>"; };
		F0F000CA2322498C000E1C43 /* Base */ = {isa = PBXFileReference; lastKnownFileType = file.storyboard; name = Base; path = Base.lproj/LaunchScreen.storyboard; sourceTree = "<group>"; };
		F0F000CC2322498C000E1C43 /* Info.plist */ = {isa = PBXFileReference; lastKnownFileType = text.plist.xml; path = Info.plist; sourceTree = "<group>"; };
		F0F000D12322498C000E1C43 /* Expance Managment AppTests.xctest */ = {isa = PBXFileReference; explicitFileType = wrapper.cfbundle; includeInIndex = 0; path = "Expance Managment AppTests.xctest"; sourceTree = BUILT_PRODUCTS_DIR; };
		F0F000D52322498C000E1C43 /* Expance_Managment_AppTests.swift */ = {isa = PBXFileReference; lastKnownFileType = sourcecode.swift; path = Expance_Managment_AppTests.swift; sourceTree = "<group>"; };
		F0F000D72322498C000E1C43 /* Info.plist */ = {isa = PBXFileReference; lastKnownFileType = text.plist.xml; path = Info.plist; sourceTree = "<group>"; };
		F0F000DC2322498C000E1C43 /* Expance Managment AppUITests.xctest */ = {isa = PBXFileReference; explicitFileType = wrapper.cfbundle; includeInIndex = 0; path = "Expance Managment AppUITests.xctest"; sourceTree = BUILT_PRODUCTS_DIR; };
		F0F000E02322498C000E1C43 /* Expance_Managment_AppUITests.swift */ = {isa = PBXFileReference; lastKnownFileType = sourcecode.swift; path = Expance_Managment_AppUITests.swift; sourceTree = "<group>"; };
		F0F000E22322498C000E1C43 /* Info.plist */ = {isa = PBXFileReference; lastKnownFileType = text.plist.xml; path = Info.plist; sourceTree = "<group>"; };
		F0F000EF232249DB000E1C43 /* BottomLine.swift */ = {isa = PBXFileReference; lastKnownFileType = sourcecode.swift; path = BottomLine.swift; sourceTree = "<group>"; };
/* End PBXFileReference section */

/* Begin PBXFrameworksBuildPhase section */
		F0F000B723224989000E1C43 /* Frameworks */ = {
			isa = PBXFrameworksBuildPhase;
			buildActionMask = 2147483647;
			files = (
			);
			runOnlyForDeploymentPostprocessing = 0;
		};
		F0F000CE2322498C000E1C43 /* Frameworks */ = {
			isa = PBXFrameworksBuildPhase;
			buildActionMask = 2147483647;
			files = (
			);
			runOnlyForDeploymentPostprocessing = 0;
		};
		F0F000D92322498C000E1C43 /* Frameworks */ = {
			isa = PBXFrameworksBuildPhase;
			buildActionMask = 2147483647;
			files = (
			);
			runOnlyForDeploymentPostprocessing = 0;
		};
/* End PBXFrameworksBuildPhase section */

/* Begin PBXGroup section */
		F0F000B123224988000E1C43 = {
			isa = PBXGroup;
			children = (
				F0F000BC23224989000E1C43 /* Expance Managment App */,
				F0F000D42322498C000E1C43 /* Expance Managment AppTests */,
				F0F000DF2322498C000E1C43 /* Expance Managment AppUITests */,
				F0F000BB23224989000E1C43 /* Products */,
			);
			sourceTree = "<group>";
		};
		F0F000BB23224989000E1C43 /* Products */ = {
			isa = PBXGroup;
			children = (
				F0F000BA23224989000E1C43 /* Expance Managment App.app */,
				F0F000D12322498C000E1C43 /* Expance Managment AppTests.xctest */,
				F0F000DC2322498C000E1C43 /* Expance Managment AppUITests.xctest */,
			);
			name = Products;
			sourceTree = "<group>";
		};
		F0F000BC23224989000E1C43 /* Expance Managment App */ = {
			isa = PBXGroup;
			children = (
				F0F000EE232249C9000E1C43 /* New Group */,
				F0F000BD23224989000E1C43 /* AppDelegate.swift */,
				F0F000BF23224989000E1C43 /* ViewController.swift */,
				F021C44523263DF300D2EBD3 /* Register.swift */,
				F0F000C123224989000E1C43 /* Main.storyboard */,
				F0F000C72322498C000E1C43 /* Assets.xcassets */,
				F0F000C92322498C000E1C43 /* LaunchScreen.storyboard */,
				F0F000CC2322498C000E1C43 /* Info.plist */,
				F0F000C423224989000E1C43 /* Expance_Managment_App.xcdatamodeld */,
			);
			path = "Expance Managment App";
			sourceTree = "<group>";
		};
		F0F000D42322498C000E1C43 /* Expance Managment AppTests */ = {
			isa = PBXGroup;
			children = (
				F0F000D52322498C000E1C43 /* Expance_Managment_AppTests.swift */,
				F0F000D72322498C000E1C43 /* Info.plist */,
			);
			path = "Expance Managment AppTests";
			sourceTree = "<group>";
		};
		F0F000DF2322498C000E1C43 /* Expance Managment AppUITests */ = {
			isa = PBXGroup;
			children = (
				F0F000E02322498C000E1C43 /* Expance_Managment_AppUITests.swift */,
				F0F000E22322498C000E1C43 /* Info.plist */,
			);
			path = "Expance Managment AppUITests";
			sourceTree = "<group>";
		};
		F0F000EE232249C9000E1C43 /* New Group */ = {
			isa = PBXGroup;
			children = (
				F0F000EF232249DB000E1C43 /* BottomLine.swift */,
			);
			path = "New Group";
			sourceTree = "<group>";
		};
/* End PBXGroup section */

/* Begin PBXNativeTarget section */
		F0F000B923224989000E1C43 /* Expance Managment App */ = {
			isa = PBXNativeTarget;
			buildConfigurationList = F0F000E52322498C000E1C43 /* Build configuration list for PBXNativeTarget "Expance Managment App" */;
			buildPhases = (
				F0F000B623224989000E1C43 /* Sources */,
				F0F000B723224989000E1C43 /* Frameworks */,
				F0F000B823224989000E1C43 /* Resources */,
			);
			buildRules = (
			);
			dependencies = (
			);
			name = "Expance Managment App";
			productName = "Expance Managment App";
			productReference = F0F000BA23224989000E1C43 /* Expance Managment App.app */;
			productType = "com.apple.product-type.application";
		};
		F0F000D02322498C000E1C43 /* Expance Managment AppTests */ = {
			isa = PBXNativeTarget;
			buildConfigurationList = F0F000E82322498C000E1C43 /* Build configuration list for PBXNativeTarget "Expance Managment AppTests" */;
			buildPhases = (
				F0F000CD2322498C000E1C43 /* Sources */,
				F0F000CE2322498C000E1C43 /* Frameworks */,
				F0F000CF2322498C000E1C43 /* Resources */,
			);
			buildRules = (
			);
			dependencies = (
				F0F000D32322498C000E1C43 /* PBXTargetDependency */,
			);
			name = "Expance Managment AppTests";
			productName = "Expance Managment AppTests";
			productReference = F0F000D12322498C000E1C43 /* Expance Managment AppTests.xctest */;
			productType = "com.apple.product-type.bundle.unit-test";
		};
		F0F000DB2322498C000E1C43 /* Expance Managment AppUITests */ = {
			isa = PBXNativeTarget;
			buildConfigurationList = F0F000EB2322498C000E1C43 /* Build configuration list for PBXNativeTarget "Expance Managment AppUITests" */;
			buildPhases = (
				F0F000D82322498C000E1C43 /* Sources */,
				F0F000D92322498C000E1C43 /* Frameworks */,
				F0F000DA2322498C000E1C43 /* Resources */,
			);
			buildRules = (
			);
			dependencies = (
				F0F000DE2322498C000E1C43 /* PBXTargetDependency */,
			);
			name = "Expance Managment AppUITests";
			productName = "Expance Managment AppUITests";
			productReference = F0F000DC2322498C000E1C43 /* Expance Managment AppUITests.xctest */;
			productType = "com.apple.product-type.bundle.ui-testing";
		};
/* End PBXNativeTarget section */

/* Begin PBXProject section */
		F0F000B223224988000E1C43 /* Project object */ = {
			isa = PBXProject;
			attributes = {
				LastSwiftUpdateCheck = 1030;
				LastUpgradeCheck = 1030;
				ORGANIZATIONNAME = Cyphers;
				TargetAttributes = {
					F0F000B923224989000E1C43 = {
						CreatedOnToolsVersion = 10.3;
					};
					F0F000D02322498C000E1C43 = {
						CreatedOnToolsVersion = 10.3;
						TestTargetID = F0F000B923224989000E1C43;
					};
					F0F000DB2322498C000E1C43 = {
						CreatedOnToolsVersion = 10.3;
						TestTargetID = F0F000B923224989000E1C43;
					};
				};
			};
			buildConfigurationList = F0F000B523224988000E1C43 /* Build configuration list for PBXProject "Expance Managment App" */;
			compatibilityVersion = "Xcode 9.3";
			developmentRegion = en;
			hasScannedForEncodings = 0;
			knownRegions = (
				en,
				Base,
			);
			mainGroup = F0F000B123224988000E1C43;
			productRefGroup = F0F000BB23224989000E1C43 /* Products */;
			projectDirPath = "";
			projectRoot = "";
			targets = (
				F0F000B923224989000E1C43 /* Expance Managment App */,
				F0F000D02322498C000E1C43 /* Expance Managment AppTests */,
				F0F000DB2322498C000E1C43 /* Expance Managment AppUITests */,
			);
		};
/* End PBXProject section */

/* Begin PBXResourcesBuildPhase section */
		F0F000B823224989000E1C43 /* Resources */ = {
			isa = PBXResourcesBuildPhase;
			buildActionMask = 2147483647;
			files = (
				F0F000CB2322498C000E1C43 /* LaunchScreen.storyboard in Resources */,
				F0F000C82322498C000E1C43 /* Assets.xcassets in Resources */,
				F0F000C323224989000E1C43 /* Main.storyboard in Resources */,
			);
			runOnlyForDeploymentPostprocessing = 0;
		};
		F0F000CF2322498C000E1C43 /* Resources */ = {
			isa = PBXResourcesBuildPhase;
			buildActionMask = 2147483647;
			files = (
			);
			runOnlyForDeploymentPostprocessing = 0;
		};
		F0F000DA2322498C000E1C43 /* Resources */ = {
			isa = PBXResourcesBuildPhase;
			buildActionMask = 2147483647;
			files = (
			);
			runOnlyForDeploymentPostprocessing = 0;
		};
/* End PBXResourcesBuildPhase section */

/* Begin PBXSourcesBuildPhase section */
		F0F000B623224989000E1C43 /* Sources */ = {
			isa = PBXSourcesBuildPhase;
			buildActionMask = 2147483647;
			files = (
				F0F000F0232249DB000E1C43 /* BottomLine.swift in Sources */,
				F0F000C023224989000E1C43 /* ViewController.swift in Sources */,
				F0F000BE23224989000E1C43 /* AppDelegate.swift in Sources */,
				F0F000C623224989000E1C43 /* Expance_Managment_App.xcdatamodeld in Sources */,
				F021C44623263DF300D2EBD3 /* Register.swift in Sources */,
			);
			runOnlyForDeploymentPostprocessing = 0;
		};
		F0F000CD2322498C000E1C43 /* Sources */ = {
			isa = PBXSourcesBuildPhase;
			buildActionMask = 2147483647;
			files = (
				F0F000D62322498C000E1C43 /* Expance_Managment_AppTests.swift in Sources */,
			);
			runOnlyForDeploymentPostprocessing = 0;
		};
		F0F000D82322498C000E1C43 /* Sources */ = {
			isa = PBXSourcesBuildPhase;
			buildActionMask = 2147483647;
			files = (
				F0F000E12322498C000E1C43 /* Expance_Managment_AppUITests.swift in Sources */,
			);
			runOnlyForDeploymentPostprocessing = 0;
		};
/* End PBXSourcesBuildPhase section */

/* Begin PBXTargetDependency section */
		F0F000D32322498C000E1C43 /* PBXTargetDependency */ = {
			isa = PBXTargetDependency;
			target = F0F000B923224989000E1C43 /* Expance Managment App */;
			targetProxy = F0F000D22322498C000E1C43 /* PBXContainerItemProxy */;
		};
		F0F000DE2322498C000E1C43 /* PBXTargetDependency */ = {
			isa = PBXTargetDependency;
			target = F0F000B923224989000E1C43 /* Expance Managment App */;
			targetProxy = F0F000DD2322498C000E1C43 /* PBXContainerItemProxy */;
		};
/* End PBXTargetDependency section */

/* Begin PBXVariantGroup section */
		F0F000C123224989000E1C43 /* Main.storyboard */ = {
			isa = PBXVariantGroup;
			children = (
				F0F000C223224989000E1C43 /* Base */,
			);
			name = Main.storyboard;
			sourceTree = "<group>";
		};
		F0F000C92322498C000E1C43 /* LaunchScreen.storyboard */ = {
			isa = PBXVariantGroup;
			children = (
				F0F000CA2322498C000E1C43 /* Base */,
			);
			name = LaunchScreen.storyboard;
			sourceTree = "<group>";
		};
/* End PBXVariantGroup section */

/* Begin XCBuildConfiguration section */
		F0F000E32322498C000E1C43 /* Debug */ = {
			isa = XCBuildConfiguration;
			buildSettings = {
				ALWAYS_SEARCH_USER_PATHS = NO;
				CLANG_ANALYZER_NONNULL = YES;
				CLANG_ANALYZER_NUMBER_OBJECT_CONVERSION = YES_AGGRESSIVE;
				CLANG_CXX_LANGUAGE_STANDARD = "gnu++14";
				CLANG_CXX_LIBRARY = "libc++";
				CLANG_ENABLE_MODULES = YES;
				CLANG_ENABLE_OBJC_ARC = YES;
				CLANG_ENABLE_OBJC_WEAK = YES;
				CLANG_WARN_BLOCK_CAPTURE_AUTORELEASING = YES;
				CLANG_WARN_BOOL_CONVERSION = YES;
				CLANG_WARN_COMMA = YES;
				CLANG_WARN_CONSTANT_CONVERSION = YES;
				CLANG_WARN_DEPRECATED_OBJC_IMPLEMENTATIONS = YES;
				CLANG_WARN_DIRECT_OBJC_ISA_USAGE = YES_ERROR;
				CLANG_WARN_DOCUMENTATION_COMMENTS = YES;
				CLANG_WARN_EMPTY_BODY = YES;
				CLANG_WARN_ENUM_CONVERSION = YES;
				CLANG_WARN_INFINITE_RECURSION = YES;
				CLANG_WARN_INT_CONVERSION = YES;
				CLANG_WARN_NON_LITERAL_NULL_CONVERSION = YES;
				CLANG_WARN_OBJC_IMPLICIT_RETAIN_SELF = YES;
				CLANG_WARN_OBJC_LITERAL_CONVERSION = YES;
				CLANG_WARN_OBJC_ROOT_CLASS = YES_ERROR;
				CLANG_WARN_RANGE_LOOP_ANALYSIS = YES;
				CLANG_WARN_STRICT_PROTOTYPES = YES;
				CLANG_WARN_SUSPICIOUS_MOVE = YES;
				CLANG_WARN_UNGUARDED_AVAILABILITY = YES_AGGRESSIVE;
				CLANG_WARN_UNREACHABLE_CODE = YES;
				CLANG_WARN__DUPLICATE_METHOD_MATCH = YES;
				CODE_SIGN_IDENTITY = "iPhone Developer";
				COPY_PHASE_STRIP = NO;
				DEBUG_INFORMATION_FORMAT = dwarf;
				ENABLE_STRICT_OBJC_MSGSEND = YES;
				ENABLE_TESTABILITY = YES;
				GCC_C_LANGUAGE_STANDARD = gnu11;
				GCC_DYNAMIC_NO_PIC = NO;
				GCC_NO_COMMON_BLOCKS = YES;
				GCC_OPTIMIZATION_LEVEL = 0;
				GCC_PREPROCESSOR_DEFINITIONS = (
					"DEBUG=1",
					"$(inherited)",
				);
				GCC_WARN_64_TO_32_BIT_CONVERSION = YES;
				GCC_WARN_ABOUT_RETURN_TYPE = YES_ERROR;
				GCC_WARN_UNDECLARED_SELECTOR = YES;
				GCC_WARN_UNINITIALIZED_AUTOS = YES_AGGRESSIVE;
				GCC_WARN_UNUSED_FUNCTION = YES;
				GCC_WARN_UNUSED_VARIABLE = YES;
				IPHONEOS_DEPLOYMENT_TARGET = 12.4;
				MTL_ENABLE_DEBUG_INFO = INCLUDE_SOURCE;
				MTL_FAST_MATH = YES;
				ONLY_ACTIVE_ARCH = YES;
				SDKROOT = iphoneos;
				SWIFT_ACTIVE_COMPILATION_CONDITIONS = DEBUG;
				SWIFT_OPTIMIZATION_LEVEL = "-Onone";
			};
			name = Debug;
		};
		F0F000E42322498C000E1C43 /* Release */ = {
			isa = XCBuildConfiguration;
			buildSettings = {
				ALWAYS_SEARCH_USER_PATHS = NO;
				CLANG_ANALYZER_NONNULL = YES;
				CLANG_ANALYZER_NUMBER_OBJECT_CONVERSION = YES_AGGRESSIVE;
				CLANG_CXX_LANGUAGE_STANDARD = "gnu++14";
				CLANG_CXX_LIBRARY = "libc++";
				CLANG_ENABLE_MODULES = YES;
				CLANG_ENABLE_OBJC_ARC = YES;
				CLANG_ENABLE_OBJC_WEAK = YES;
				CLANG_WARN_BLOCK_CAPTURE_AUTORELEASING = YES;
				CLANG_WARN_BOOL_CONVERSION = YES;
				CLANG_WARN_COMMA = YES;
				CLANG_WARN_CONSTANT_CONVERSION = YES;
				CLANG_WARN_DEPRECATED_OBJC_IMPLEMENTATIONS = YES;
				CLANG_WARN_DIRECT_OBJC_ISA_USAGE = YES_ERROR;
				CLANG_WARN_DOCUMENTATION_COMMENTS = YES;
				CLANG_WARN_EMPTY_BODY = YES;
				CLANG_WARN_ENUM_CONVERSION = YES;
				CLANG_WARN_INFINITE_RECURSION = YES;
				CLANG_WARN_INT_CONVERSION = YES;
				CLANG_WARN_NON_LITERAL_NULL_CONVERSION = YES;
				CLANG_WARN_OBJC_IMPLICIT_RETAIN_SELF = YES;
				CLANG_WARN_OBJC_LITERAL_CONVERSION = YES;
				CLANG_WARN_OBJC_ROOT_CLASS = YES_ERROR;
				CLANG_WARN_RANGE_LOOP_ANALYSIS = YES;
				CLANG_WARN_STRICT_PROTOTYPES = YES;
				CLANG_WARN_SUSPICIOUS_MOVE = YES;
				CLANG_WARN_UNGUARDED_AVAILABILITY = YES_AGGRESSIVE;
				CLANG_WARN_UNREACHABLE_CODE = YES;
				CLANG_WARN__DUPLICATE_METHOD_MATCH = YES;
				CODE_SIGN_IDENTITY = "iPhone Developer";
				COPY_PHASE_STRIP = NO;
				DEBUG_INFORMATION_FORMAT = "dwarf-with-dsym";
				ENABLE_NS_ASSERTIONS = NO;
				ENABLE_STRICT_OBJC_MSGSEND = YES;
				GCC_C_LANGUAGE_STANDARD = gnu11;
				GCC_NO_COMMON_BLOCKS = YES;
				GCC_WARN_64_TO_32_BIT_CONVERSION = YES;
				GCC_WARN_ABOUT_RETURN_TYPE = YES_ERROR;
				GCC_WARN_UNDECLARED_SELECTOR = YES;
				GCC_WARN_UNINITIALIZED_AUTOS = YES_AGGRESSIVE;
				GCC_WARN_UNUSED_FUNCTION = YES;
				GCC_WARN_UNUSED_VARIABLE = YES;
				IPHONEOS_DEPLOYMENT_TARGET = 12.4;
				MTL_ENABLE_DEBUG_INFO = NO;
				MTL_FAST_MATH = YES;
				SDKROOT = iphoneos;
				SWIFT_COMPILATION_MODE = wholemodule;
				SWIFT_OPTIMIZATION_LEVEL = "-O";
				VALIDATE_PRODUCT = YES;
			};
			name = Release;
		};
		F0F000E62322498C000E1C43 /* Debug */ = {
			isa = XCBuildConfiguration;
			buildSettings = {
				ASSETCATALOG_COMPILER_APPICON_NAME = AppIcon;
				CODE_SIGN_IDENTITY = "iPhone Developer";
				CODE_SIGN_STYLE = Automatic;
				DEVELOPMENT_TEAM = J7N554RTNU;
				INFOPLIST_FILE = "Expance Managment App/Info.plist";
				LD_RUNPATH_SEARCH_PATHS = (
					"$(inherited)",
					"@executable_path/Frameworks",
				);
				PRODUCT_BUNDLE_IDENTIFIER = "Cypher.com.First.ExpensManage.Expance-Managment-App";
				PRODUCT_NAME = "$(TARGET_NAME)";
				PROVISIONING_PROFILE_SPECIFIER = "";
				SWIFT_VERSION = 5.0;
				TARGETED_DEVICE_FAMILY = "1,2";
			};
			name = Debug;
		};
		F0F000E72322498C000E1C43 /* Release */ = {
			isa = XCBuildConfiguration;
			buildSettings = {
				ASSETCATALOG_COMPILER_APPICON_NAME = AppIcon;
				CODE_SIGN_IDENTITY = "iPhone Developer";
				CODE_SIGN_STYLE = Automatic;
				DEVELOPMENT_TEAM = J7N554RTNU;
				INFOPLIST_FILE = "Expance Managment App/Info.plist";
				LD_RUNPATH_SEARCH_PATHS = (
					"$(inherited)",
					"@executable_path/Frameworks",
				);
				PRODUCT_BUNDLE_IDENTIFIER = "Cypher.com.First.ExpensManage.Expance-Managment-App";
				PRODUCT_NAME = "$(TARGET_NAME)";
				PROVISIONING_PROFILE_SPECIFIER = "";
				SWIFT_VERSION = 5.0;
				TARGETED_DEVICE_FAMILY = "1,2";
			};
			name = Release;
		};
		F0F000E92322498C000E1C43 /* Debug */ = {
			isa = XCBuildConfiguration;
			buildSettings = {
				ALWAYS_EMBED_SWIFT_STANDARD_LIBRARIES = YES;
				BUNDLE_LOADER = "$(TEST_HOST)";
				CODE_SIGN_STYLE = Automatic;
				INFOPLIST_FILE = "Expance Managment AppTests/Info.plist";
				LD_RUNPATH_SEARCH_PATHS = (
					"$(inherited)",
					"@executable_path/Frameworks",
					"@loader_path/Frameworks",
				);
				PRODUCT_BUNDLE_IDENTIFIER = "Cypher.com.First.ExpensManage.Expance-Managment-AppTests";
				PRODUCT_NAME = "$(TARGET_NAME)";
				SWIFT_VERSION = 5.0;
				TARGETED_DEVICE_FAMILY = "1,2";
				TEST_HOST = "$(BUILT_PRODUCTS_DIR)/Expance Managment App.app/Expance Managment App";
			};
			name = Debug;
		};
		F0F000EA2322498C000E1C43 /* Release */ = {
			isa = XCBuildConfiguration;
			buildSettings = {
				ALWAYS_EMBED_SWIFT_STANDARD_LIBRARIES = YES;
				BUNDLE_LOADER = "$(TEST_HOST)";
				CODE_SIGN_STYLE = Automatic;
				INFOPLIST_FILE = "Expance Managment AppTests/Info.plist";
				LD_RUNPATH_SEARCH_PATHS = (
					"$(inherited)",
					"@executable_path/Frameworks",
					"@loader_path/Frameworks",
				);
				PRODUCT_BUNDLE_IDENTIFIER = "Cypher.com.First.ExpensManage.Expance-Managment-AppTests";
				PRODUCT_NAME = "$(TARGET_NAME)";
				SWIFT_VERSION = 5.0;
				TARGETED_DEVICE_FAMILY = "1,2";
				TEST_HOST = "$(BUILT_PRODUCTS_DIR)/Expance Managment App.app/Expance Managment App";
			};
			name = Release;
		};
		F0F000EC2322498C000E1C43 /* Debug */ = {
			isa = XCBuildConfiguration;
			buildSettings = {
				ALWAYS_EMBED_SWIFT_STANDARD_LIBRARIES = YES;
				CODE_SIGN_STYLE = Automatic;
				INFOPLIST_FILE = "Expance Managment AppUITests/Info.plist";
				LD_RUNPATH_SEARCH_PATHS = (
					"$(inherited)",
					"@executable_path/Frameworks",
					"@loader_path/Frameworks",
				);
				PRODUCT_BUNDLE_IDENTIFIER = "Cypher.com.First.ExpensManage.Expance-Managment-AppUITests";
				PRODUCT_NAME = "$(TARGET_NAME)";
				SWIFT_VERSION = 5.0;
				TARGETED_DEVICE_FAMILY = "1,2";
				TEST_TARGET_NAME = "Expance Managment App";
			};
			name = Debug;
		};
		F0F000ED2322498C000E1C43 /* Release */ = {
			isa = XCBuildConfiguration;
			buildSettings = {
				ALWAYS_EMBED_SWIFT_STANDARD_LIBRARIES = YES;
				CODE_SIGN_STYLE = Automatic;
				INFOPLIST_FILE = "Expance Managment AppUITests/Info.plist";
				LD_RUNPATH_SEARCH_PATHS = (
					"$(inherited)",
					"@executable_path/Frameworks",
					"@loader_path/Frameworks",
				);
				PRODUCT_BUNDLE_IDENTIFIER = "Cypher.com.First.ExpensManage.Expance-Managment-AppUITests";
				PRODUCT_NAME = "$(TARGET_NAME)";
				SWIFT_VERSION = 5.0;
				TARGETED_DEVICE_FAMILY = "1,2";
				TEST_TARGET_NAME = "Expance Managment App";
			};
			name = Release;
		};
/* End XCBuildConfiguration section */

/* Begin XCConfigurationList section */
		F0F000B523224988000E1C43 /* Build configuration list for PBXProject "Expance Managment App" */ = {
			isa = XCConfigurationList;
			buildConfigurations = (
				F0F000E32322498C000E1C43 /* Debug */,
				F0F000E42322498C000E1C43 /* Release */,
			);
			defaultConfigurationIsVisible = 0;
			defaultConfigurationName = Release;
		};
		F0F000E52322498C000E1C43 /* Build configuration list for PBXNativeTarget "Expance Managment App" */ = {
			isa = XCConfigurationList;
			buildConfigurations = (
				F0F000E62322498C000E1C43 /* Debug */,
				F0F000E72322498C000E1C43 /* Release */,
			);
			defaultConfigurationIsVisible = 0;
			defaultConfigurationName = Release;
		};
		F0F000E82322498C000E1C43 /* Build configuration list for PBXNativeTarget "Expance Managment AppTests" */ = {
			isa = XCConfigurationList;
			buildConfigurations = (
				F0F000E92322498C000E1C43 /* Debug */,
				F0F000EA2322498C000E1C43 /* Release */,
			);
			defaultConfigurationIsVisible = 0;
			defaultConfigurationName = Release;
		};
		F0F000EB2322498C000E1C43 /* Build configuration list for PBXNativeTarget "Expance Managment AppUITests" */ = {
			isa = XCConfigurationList;
			buildConfigurations = (
				F0F000EC2322498C000E1C43 /* Debug */,
				F0F000ED2322498C000E1C43 /* Release */,
			);
			defaultConfigurationIsVisible = 0;
			defaultConfigurationName = Release;
		};
/* End XCConfigurationList section */

/* Begin XCVersionGroup section */
		F0F000C423224989000E1C43 /* Expance_Managment_App.xcdatamodeld */ = {
			isa = XCVersionGroup;
			children = (
				F0F000C523224989000E1C43 /* Expance_Managment_App.xcdatamodel */,
			);
			currentVersion = F0F000C523224989000E1C43 /* Expance_Managment_App.xcdatamodel */;
			path = Expance_Managment_App.xcdatamodeld;
			sourceTree = "<group>";
			versionGroupType = wrapper.xcdatamodel;
		};
/* End XCVersionGroup section */
	};
	rootObject = F0F000B223224988000E1C43 /* Project object */;
}
